
Microsoft Visual Studio Solution File, Format Version 12.00
# Visual Studio Version 16
VisualStudioVersion = 16.0.32413.511
MinimumVisualStudioVersion = 10.0.40219.1
Project("{FAE04EC0-301F-11D3-BF4B-00C04F79EFBC}") = "Euclidian", "Euclidian\Euclidian.csproj", "{FFBC4D35-A6D0-44D1-B155-65AADFB60BCC}"
EndProject
Global
	GlobalSection(SolutionConfigurationPlatforms) = preSolution
		Debug|Any CPU = Debug|Any CPU
		Release|Any CPU = Release|Any CPU
	EndGlobalSection
	GlobalSection(ProjectConfigurationPlatforms) = postSolution
		{FFBC4D35-A6D0-44D1-B155-65AADFB60BCC}.Debug|Any CPU.ActiveCfg = Debug|Any CPU
		{FFBC4D35-A6D0-44D1-B155-65AADFB60BCC}.Debug|Any CPU.Build.0 = Debug|Any CPU
		{FFBC4D35-A6D0-44D1-B155-65AADFB60BCC}.Release|Any CPU.ActiveCfg = Release|Any CPU
		{FFBC4D35-A6D0-44D1-B155-65AADFB60BCC}.Release|Any CPU.Build.0 = Release|Any CPU
	EndGlobalSection
	GlobalSection(SolutionProperties) = preSolution
		HideSolutionNode = FALSE
	EndGlobalSection
	GlobalSection(ExtensibilityGlobals) = postSolution
		SolutionGuid = {3972C256-CBF5-4699-9574-168CCDB6446A}
	EndGlobalSection
EndGlobal
